// !$*UTF8*$!
{
	archiveVersion = 1;
	classes = {
	};
	objectVersion = 46;
	objects = {

/* Begin PBXBuildFile section */
		8AF9FD6AE705CC7EC8A6985C /* libPods-JProperty.a in Frameworks */ = {isa = PBXBuildFile; fileRef = 238557F0BB8CFA5389CEE5B4 /* libPods-JProperty.a */; };
		F20F608B1E67A4BF00567219 /* AppDelegate.m in Sources */ = {isa = PBXBuildFile; fileRef = F20F608A1E67A4BF00567219 /* AppDelegate.m */; };
		F20F608E1E67A4BF00567219 /* main.m in Sources */ = {isa = PBXBuildFile; fileRef = F20F608D1E67A4BF00567219 /* main.m */; };
		F20F60911E67A4BF00567219 /* ViewController.m in Sources */ = {isa = PBXBuildFile; fileRef = F20F60901E67A4BF00567219 /* ViewController.m */; };
		F20F60931E67A4BF00567219 /* Assets.xcassets in Resources */ = {isa = PBXBuildFile; fileRef = F20F60921E67A4BF00567219 /* Assets.xcassets */; };
		F20F60961E67A4BF00567219 /* Main.storyboard in Resources */ = {isa = PBXBuildFile; fileRef = F20F60941E67A4BF00567219 /* Main.storyboard */; };
		F20F60A61E67CF3B00567219 /* DJActivityIndicator.m in Sources */ = {isa = PBXBuildFile; fileRef = F20F609F1E67CF3B00567219 /* DJActivityIndicator.m */; };
		F20F60A71E67CF3B00567219 /* DJBezierPath.m in Sources */ = {isa = PBXBuildFile; fileRef = F20F60A11E67CF3B00567219 /* DJBezierPath.m */; };
		F20F60A81E67CF3B00567219 /* DJProgressHUD.m in Sources */ = {isa = PBXBuildFile; fileRef = F20F60A31E67CF3B00567219 /* DJProgressHUD.m */; };
		F20F60A91E67CF3B00567219 /* DJProgressIndicator.m in Sources */ = {isa = PBXBuildFile; fileRef = F20F60A51E67CF3B00567219 /* DJProgressIndicator.m */; };
		F298945B1ED5243900324736 /* NSString+XCDictionary.m in Sources */ = {isa = PBXBuildFile; fileRef = F298945A1ED5243900324736 /* NSString+XCDictionary.m */; };
/* End PBXBuildFile section */

/* Begin PBXFileReference section */
		238557F0BB8CFA5389CEE5B4 /* libPods-JProperty.a */ = {isa = PBXFileReference; explicitFileType = archive.ar; includeInIndex = 0; path = "libPods-JProperty.a"; sourceTree = BUILT_PRODUCTS_DIR; };
		D81C123D1EDAC7A3006511CB /* AppleScriptObjC.framework */ = {isa = PBXFileReference; lastKnownFileType = wrapper.framework; name = AppleScriptObjC.framework; path = System/Library/Frameworks/AppleScriptObjC.framework; sourceTree = SDKROOT; };
		EF7A83E1D696224D3E58E7B8 /* Pods-JProperty.release.xcconfig */ = {isa = PBXFileReference; includeInIndex = 1; lastKnownFileType = text.xcconfig; name = "Pods-JProperty.release.xcconfig"; path = "Pods/Target Support Files/Pods-JProperty/Pods-JProperty.release.xcconfig"; sourceTree = "<group>"; };
		F0E4C6B385F10A9E6676C9CD /* Pods-JProperty.debug.xcconfig */ = {isa = PBXFileReference; includeInIndex = 1; lastKnownFileType = text.xcconfig; name = "Pods-JProperty.debug.xcconfig"; path = "Pods/Target Support Files/Pods-JProperty/Pods-JProperty.debug.xcconfig"; sourceTree = "<group>"; };
		F20402351ED271B90039FA82 /* JProperty.entitlements */ = {isa = PBXFileReference; lastKnownFileType = text.plist.entitlements; path = JProperty.entitlements; sourceTree = "<group>"; };
		F20F60861E67A4BF00567219 /* JProperty.app */ = {isa = PBXFileReference; explicitFileType = wrapper.application; includeInIndex = 0; path = JProperty.app; sourceTree = BUILT_PRODUCTS_DIR; };
		F20F60891E67A4BF00567219 /* AppDelegate.h */ = {isa = PBXFileReference; lastKnownFileType = sourcecode.c.h; path = AppDelegate.h; sourceTree = "<group>"; };
		F20F608A1E67A4BF00567219 /* AppDelegate.m */ = {isa = PBXFileReference; lastKnownFileType = sourcecode.c.objc; path = AppDelegate.m; sourceTree = "<group>"; };
		F20F608D1E67A4BF00567219 /* main.m */ = {isa = PBXFileReference; lastKnownFileType = sourcecode.c.objc; path = main.m; sourceTree = "<group>"; };
		F20F608F1E67A4BF00567219 /* ViewController.h */ = {isa = PBXFileReference; lastKnownFileType = sourcecode.c.h; path = ViewController.h; sourceTree = "<group>"; };
		F20F60901E67A4BF00567219 /* ViewController.m */ = {isa = PBXFileReference; lastKnownFileType = sourcecode.c.objc; path = ViewController.m; sourceTree = "<group>"; };
		F20F60921E67A4BF00567219 /* Assets.xcassets */ = {isa = PBXFileReference; lastKnownFileType = folder.assetcatalog; path = Assets.xcassets; sourceTree = "<group>"; };
		F20F60951E67A4BF00567219 /* Base */ = {isa = PBXFileReference; lastKnownFileType = file.storyboard; name = Base; path = Base.lproj/Main.storyboard; sourceTree = "<group>"; };
		F20F60971E67A4BF00567219 /* Info.plist */ = {isa = PBXFileReference; lastKnownFileType = text.plist.xml; path = Info.plist; sourceTree = "<group>"; };
		F20F609E1E67CF3B00567219 /* DJActivityIndicator.h */ = {isa = PBXFileReference; fileEncoding = 4; lastKnownFileType = sourcecode.c.h; path = DJActivityIndicator.h; sourceTree = "<group>"; };
		F20F609F1E67CF3B00567219 /* DJActivityIndicator.m */ = {isa = PBXFileReference; fileEncoding = 4; lastKnownFileType = sourcecode.c.objc; path = DJActivityIndicator.m; sourceTree = "<group>"; };
		F20F60A01E67CF3B00567219 /* DJBezierPath.h */ = {isa = PBXFileReference; fileEncoding = 4; lastKnownFileType = sourcecode.c.h; path = DJBezierPath.h; sourceTree = "<group>"; };
		F20F60A11E67CF3B00567219 /* DJBezierPath.m */ = {isa = PBXFileReference; fileEncoding = 4; lastKnownFileType = sourcecode.c.objc; path = DJBezierPath.m; sourceTree = "<group>"; };
		F20F60A21E67CF3B00567219 /* DJProgressHUD.h */ = {isa = PBXFileReference; fileEncoding = 4; lastKnownFileType = sourcecode.c.h; path = DJProgressHUD.h; sourceTree = "<group>"; };
		F20F60A31E67CF3B00567219 /* DJProgressHUD.m */ = {isa = PBXFileReference; fileEncoding = 4; lastKnownFileType = sourcecode.c.objc; path = DJProgressHUD.m; sourceTree = "<group>"; };
		F20F60A41E67CF3B00567219 /* DJProgressIndicator.h */ = {isa = PBXFileReference; fileEncoding = 4; lastKnownFileType = sourcecode.c.h; path = DJProgressIndicator.h; sourceTree = "<group>"; };
		F20F60A51E67CF3B00567219 /* DJProgressIndicator.m */ = {isa = PBXFileReference; fileEncoding = 4; lastKnownFileType = sourcecode.c.objc; path = DJProgressIndicator.m; sourceTree = "<group>"; };
		F29894591ED5243900324736 /* NSString+XCDictionary.h */ = {isa = PBXFileReference; fileEncoding = 4; lastKnownFileType = sourcecode.c.h; path = "NSString+XCDictionary.h"; sourceTree = "<group>"; };
		F298945A1ED5243900324736 /* NSString+XCDictionary.m */ = {isa = PBXFileReference; fileEncoding = 4; lastKnownFileType = sourcecode.c.objc; path = "NSString+XCDictionary.m"; sourceTree = "<group>"; };
/* End PBXFileReference section */

/* Begin PBXFrameworksBuildPhase section */
		F20F60831E67A4BF00567219 /* Frameworks */ = {
			isa = PBXFrameworksBuildPhase;
			buildActionMask = 2147483647;
			files = (
				8AF9FD6AE705CC7EC8A6985C /* libPods-JProperty.a in Frameworks */,
			);
			runOnlyForDeploymentPostprocessing = 0;
		};
/* End PBXFrameworksBuildPhase section */

/* Begin PBXGroup section */
		BD6C62837D2321991484E7B7 /* Pods */ = {
			isa = PBXGroup;
			children = (
				F0E4C6B385F10A9E6676C9CD /* Pods-JProperty.debug.xcconfig */,
				EF7A83E1D696224D3E58E7B8 /* Pods-JProperty.release.xcconfig */,
			);
			name = Pods;
			sourceTree = "<group>";
		};
		D81C123C1EDAC7A3006511CB /* Frameworks */ = {
			isa = PBXGroup;
			children = (
				D81C123D1EDAC7A3006511CB /* AppleScriptObjC.framework */,
				238557F0BB8CFA5389CEE5B4 /* libPods-JProperty.a */,
			);
			name = Frameworks;
			sourceTree = "<group>";
		};
		F20F607D1E67A4BF00567219 = {
			isa = PBXGroup;
			children = (
				F20F60881E67A4BF00567219 /* JProperty */,
				F20F60871E67A4BF00567219 /* Products */,
				D81C123C1EDAC7A3006511CB /* Frameworks */,
				BD6C62837D2321991484E7B7 /* Pods */,
			);
			sourceTree = "<group>";
		};
		F20F60871E67A4BF00567219 /* Products */ = {
			isa = PBXGroup;
			children = (
				F20F60861E67A4BF00567219 /* JProperty.app */,
			);
			name = Products;
			sourceTree = "<group>";
		};
		F20F60881E67A4BF00567219 /* JProperty */ = {
			isa = PBXGroup;
			children = (
				F20402351ED271B90039FA82 /* JProperty.entitlements */,
				F29894581ED5242000324736 /* Catagory */,
				F20F609D1E67CF3B00567219 /* DJProgressHUD */,
				F20F60891E67A4BF00567219 /* AppDelegate.h */,
				F20F608A1E67A4BF00567219 /* AppDelegate.m */,
				F20F608F1E67A4BF00567219 /* ViewController.h */,
				F20F60901E67A4BF00567219 /* ViewController.m */,
				F20F60921E67A4BF00567219 /* Assets.xcassets */,
				F20F60941E67A4BF00567219 /* Main.storyboard */,
				F20F60971E67A4BF00567219 /* Info.plist */,
				F20F608C1E67A4BF00567219 /* Supporting Files */,
			);
			path = JProperty;
			sourceTree = "<group>";
		};
		F20F608C1E67A4BF00567219 /* Supporting Files */ = {
			isa = PBXGroup;
			children = (
				F20F608D1E67A4BF00567219 /* main.m */,
			);
			name = "Supporting Files";
			sourceTree = "<group>";
		};
		F20F609D1E67CF3B00567219 /* DJProgressHUD */ = {
			isa = PBXGroup;
			children = (
				F20F609E1E67CF3B00567219 /* DJActivityIndicator.h */,
				F20F609F1E67CF3B00567219 /* DJActivityIndicator.m */,
				F20F60A01E67CF3B00567219 /* DJBezierPath.h */,
				F20F60A11E67CF3B00567219 /* DJBezierPath.m */,
				F20F60A21E67CF3B00567219 /* DJProgressHUD.h */,
				F20F60A31E67CF3B00567219 /* DJProgressHUD.m */,
				F20F60A41E67CF3B00567219 /* DJProgressIndicator.h */,
				F20F60A51E67CF3B00567219 /* DJProgressIndicator.m */,
			);
			path = DJProgressHUD;
			sourceTree = "<group>";
		};
		F29894581ED5242000324736 /* Catagory */ = {
			isa = PBXGroup;
			children = (
				F29894591ED5243900324736 /* NSString+XCDictionary.h */,
				F298945A1ED5243900324736 /* NSString+XCDictionary.m */,
			);
			path = Catagory;
			sourceTree = "<group>";
		};
/* End PBXGroup section */

/* Begin PBXNativeTarget section */
		F20F60851E67A4BF00567219 /* JProperty */ = {
			isa = PBXNativeTarget;
			buildConfigurationList = F20F609A1E67A4BF00567219 /* Build configuration list for PBXNativeTarget "JProperty" */;
			buildPhases = (
				BCB75C9CA4014666C4A112C0 /* [CP] Check Pods Manifest.lock */,
				F20F60821E67A4BF00567219 /* Sources */,
				F20F60831E67A4BF00567219 /* Frameworks */,
				F20F60841E67A4BF00567219 /* Resources */,
				7DBBF58E5AC6E03FD48A5CDE /* [CP] Embed Pods Frameworks */,
				728412A3E8485D83A1AE643A /* [CP] Copy Pods Resources */,
			);
			buildRules = (
			);
			dependencies = (
			);
			name = JProperty;
			productName = JProperty;
			productReference = F20F60861E67A4BF00567219 /* JProperty.app */;
			productType = "com.apple.product-type.application";
		};
/* End PBXNativeTarget section */

/* Begin PBXProject section */
		F20F607E1E67A4BF00567219 /* Project object */ = {
			isa = PBXProject;
			attributes = {
				LastUpgradeCheck = 0820;
				ORGANIZATIONNAME = io.github.alexiuce;
				TargetAttributes = {
					F20F60851E67A4BF00567219 = {
						CreatedOnToolsVersion = 8.2.1;
						DevelopmentTeam = A95J37CEL7;
						ProvisioningStyle = Automatic;
						SystemCapabilities = {
							com.apple.Sandbox = {
								enabled = 1;
							};
						};
					};
				};
			};
			buildConfigurationList = F20F60811E67A4BF00567219 /* Build configuration list for PBXProject "JProperty" */;
			compatibilityVersion = "Xcode 3.2";
			developmentRegion = English;
			hasScannedForEncodings = 0;
			knownRegions = (
				en,
				Base,
			);
			mainGroup = F20F607D1E67A4BF00567219;
			productRefGroup = F20F60871E67A4BF00567219 /* Products */;
			projectDirPath = "";
			projectRoot = "";
			targets = (
				F20F60851E67A4BF00567219 /* JProperty */,
			);
		};
/* End PBXProject section */

/* Begin PBXResourcesBuildPhase section */
		F20F60841E67A4BF00567219 /* Resources */ = {
			isa = PBXResourcesBuildPhase;
			buildActionMask = 2147483647;
			files = (
				F20F60931E67A4BF00567219 /* Assets.xcassets in Resources */,
				F20F60961E67A4BF00567219 /* Main.storyboard in Resources */,
			);
			runOnlyForDeploymentPostprocessing = 0;
		};
/* End PBXResourcesBuildPhase section */

/* Begin PBXShellScriptBuildPhase section */
		728412A3E8485D83A1AE643A /* [CP] Copy Pods Resources */ = {
			isa = PBXShellScriptBuildPhase;
			buildActionMask = 2147483647;
			files = (
			);
			inputPaths = (
			);
			name = "[CP] Copy Pods Resources";
			outputPaths = (
			);
			runOnlyForDeploymentPostprocessing = 0;
			shellPath = /bin/sh;
			shellScript = "\"${SRCROOT}/Pods/Target Support Files/Pods-JProperty/Pods-JProperty-resources.sh\"\n";
			showEnvVarsInLog = 0;
		};
		7DBBF58E5AC6E03FD48A5CDE /* [CP] Embed Pods Frameworks */ = {
			isa = PBXShellScriptBuildPhase;
			buildActionMask = 2147483647;
			files = (
			);
			inputPaths = (
			);
			name = "[CP] Embed Pods Frameworks";
			outputPaths = (
			);
			runOnlyForDeploymentPostprocessing = 0;
			shellPath = /bin/sh;
			shellScript = "\"${SRCROOT}/Pods/Target Support Files/Pods-JProperty/Pods-JProperty-frameworks.sh\"\n";
			showEnvVarsInLog = 0;
		};
		BCB75C9CA4014666C4A112C0 /* [CP] Check Pods Manifest.lock */ = {
			isa = PBXShellScriptBuildPhase;
			buildActionMask = 2147483647;
			files = (
			);
			inputPaths = (
			);
			name = "[CP] Check Pods Manifest.lock";
			outputPaths = (
			);
			runOnlyForDeploymentPostprocessing = 0;
			shellPath = /bin/sh;
			shellScript = "diff \"${PODS_PODFILE_DIR_PATH}/Podfile.lock\" \"${PODS_ROOT}/Manifest.lock\" > /dev/null\nif [ $? != 0 ] ; then\n    # print error to STDERR\n    echo \"error: The sandbox is not in sync with the Podfile.lock. Run 'pod install' or update your CocoaPods installation.\" >&2\n    exit 1\nfi\n";
			showEnvVarsInLog = 0;
		};
/* End PBXShellScriptBuildPhase section */

/* Begin PBXSourcesBuildPhase section */
		F20F60821E67A4BF00567219 /* Sources */ = {
			isa = PBXSourcesBuildPhase;
			buildActionMask = 2147483647;
			files = (
				F20F60A71E67CF3B00567219 /* DJBezierPath.m in Sources */,
				F20F60A91E67CF3B00567219 /* DJProgressIndicator.m in Sources */,
				F20F60A61E67CF3B00567219 /* DJActivityIndicator.m in Sources */,
				F20F60911E67A4BF00567219 /* ViewController.m in Sources */,
				F20F608E1E67A4BF00567219 /* main.m in Sources */,
				F20F60A81E67CF3B00567219 /* DJProgressHUD.m in Sources */,
				F298945B1ED5243900324736 /* NSString+XCDictionary.m in Sources */,
				F20F608B1E67A4BF00567219 /* AppDelegate.m in Sources */,
			);
			runOnlyForDeploymentPostprocessing = 0;
		};
/* End PBXSourcesBuildPhase section */

/* Begin PBXVariantGroup section */
		F20F60941E67A4BF00567219 /* Main.storyboard */ = {
			isa = PBXVariantGroup;
			children = (
				F20F60951E67A4BF00567219 /* Base */,
			);
			name = Main.storyboard;
			sourceTree = "<group>";
		};
/* End PBXVariantGroup section */

/* Begin XCBuildConfiguration section */
		F20F60981E67A4BF00567219 /* Debug */ = {
			isa = XCBuildConfiguration;
			buildSettings = {
				ALWAYS_SEARCH_USER_PATHS = NO;
				CLANG_ANALYZER_NONNULL = YES;
				CLANG_CXX_LANGUAGE_STANDARD = "gnu++0x";
				CLANG_CXX_LIBRARY = "libc++";
				CLANG_ENABLE_MODULES = YES;
				CLANG_ENABLE_OBJC_ARC = YES;
				CLANG_WARN_BOOL_CONVERSION = YES;
				CLANG_WARN_CONSTANT_CONVERSION = YES;
				CLANG_WARN_DIRECT_OBJC_ISA_USAGE = YES_ERROR;
				CLANG_WARN_DOCUMENTATION_COMMENTS = YES;
				CLANG_WARN_EMPTY_BODY = YES;
				CLANG_WARN_ENUM_CONVERSION = YES;
				CLANG_WARN_INFINITE_RECURSION = YES;
				CLANG_WARN_INT_CONVERSION = YES;
				CLANG_WARN_OBJC_ROOT_CLASS = YES_ERROR;
				CLANG_WARN_SUSPICIOUS_MOVE = YES;
				CLANG_WARN_UNREACHABLE_CODE = YES;
				CLANG_WARN__DUPLICATE_METHOD_MATCH = YES;
				CODE_SIGN_IDENTITY = "-";
				COPY_PHASE_STRIP = NO;
				DEBUG_INFORMATION_FORMAT = dwarf;
				ENABLE_STRICT_OBJC_MSGSEND = YES;
				ENABLE_TESTABILITY = YES;
				GCC_C_LANGUAGE_STANDARD = gnu99;
				GCC_DYNAMIC_NO_PIC = NO;
				GCC_NO_COMMON_BLOCKS = YES;
				GCC_OPTIMIZATION_LEVEL = 0;
				GCC_PREPROCESSOR_DEFINITIONS = (
					"DEBUG=1",
					"$(inherited)",
				);
				GCC_WARN_64_TO_32_BIT_CONVERSION = YES;
				GCC_WARN_ABOUT_RETURN_TYPE = YES_ERROR;
				GCC_WARN_UNDECLARED_SELECTOR = YES;
				GCC_WARN_UNINITIALIZED_AUTOS = YES_AGGRESSIVE;
				GCC_WARN_UNUSED_FUNCTION = YES;
				GCC_WARN_UNUSED_VARIABLE = YES;
				MACOSX_DEPLOYMENT_TARGET = 10.12;
				MTL_ENABLE_DEBUG_INFO = YES;
				ONLY_ACTIVE_ARCH = YES;
				SDKROOT = macosx;
			};
			name = Debug;
		};
		F20F60991E67A4BF00567219 /* Release */ = {
			isa = XCBuildConfiguration;
			buildSettings = {
				ALWAYS_SEARCH_USER_PATHS = NO;
				CLANG_ANALYZER_NONNULL = YES;
				CLANG_CXX_LANGUAGE_STANDARD = "gnu++0x";
				CLANG_CXX_LIBRARY = "libc++";
				CLANG_ENABLE_MODULES = YES;
				CLANG_ENABLE_OBJC_ARC = YES;
				CLANG_WARN_BOOL_CONVERSION = YES;
				CLANG_WARN_CONSTANT_CONVERSION = YES;
				CLANG_WARN_DIRECT_OBJC_ISA_USAGE = YES_ERROR;
				CLANG_WARN_DOCUMENTATION_COMMENTS = YES;
				CLANG_WARN_EMPTY_BODY = YES;
				CLANG_WARN_ENUM_CONVERSION = YES;
				CLANG_WARN_INFINITE_RECURSION = YES;
				CLANG_WARN_INT_CONVERSION = YES;
				CLANG_WARN_OBJC_ROOT_CLASS = YES_ERROR;
				CLANG_WARN_SUSPICIOUS_MOVE = YES;
				CLANG_WARN_UNREACHABLE_CODE = YES;
				CLANG_WARN__DUPLICATE_METHOD_MATCH = YES;
				CODE_SIGN_IDENTITY = "-";
				COPY_PHASE_STRIP = NO;
				DEBUG_INFORMATION_FORMAT = "dwarf-with-dsym";
				ENABLE_NS_ASSERTIONS = NO;
				ENABLE_STRICT_OBJC_MSGSEND = YES;
				GCC_C_LANGUAGE_STANDARD = gnu99;
				GCC_NO_COMMON_BLOCKS = YES;
				GCC_WARN_64_TO_32_BIT_CONVERSION = YES;
				GCC_WARN_ABOUT_RETURN_TYPE = YES_ERROR;
				GCC_WARN_UNDECLARED_SELECTOR = YES;
				GCC_WARN_UNINITIALIZED_AUTOS = YES_AGGRESSIVE;
				GCC_WARN_UNUSED_FUNCTION = YES;
				GCC_WARN_UNUSED_VARIABLE = YES;
				MACOSX_DEPLOYMENT_TARGET = 10.12;
				MTL_ENABLE_DEBUG_INFO = NO;
				SDKROOT = macosx;
			};
			name = Release;
		};
		F20F609B1E67A4BF00567219 /* Debug */ = {
			isa = XCBuildConfiguration;
			baseConfigurationReference = F0E4C6B385F10A9E6676C9CD /* Pods-JProperty.debug.xcconfig */;
			buildSettings = {
				ASSETCATALOG_COMPILER_APPICON_NAME = AppIcon;
				CODE_SIGN_ENTITLEMENTS = JProperty/JProperty.entitlements;
				COMBINE_HIDPI_IMAGES = YES;
				DEVELOPMENT_TEAM = A95J37CEL7;
				INFOPLIST_FILE = JProperty/Info.plist;
				LD_RUNPATH_SEARCH_PATHS = "$(inherited) @executable_path/../Frameworks";
				MACOSX_DEPLOYMENT_TARGET = 10.10;
				PRODUCT_BUNDLE_IDENTIFIER = com.joinf.looker;
				PRODUCT_NAME = "$(TARGET_NAME)";
			};
			name = Debug;
		};
		F20F609C1E67A4BF00567219 /* Release */ = {
			isa = XCBuildConfiguration;
			baseConfigurationReference = EF7A83E1D696224D3E58E7B8 /* Pods-JProperty.release.xcconfig */;
			buildSettings = {
				ASSETCATALOG_COMPILER_APPICON_NAME = AppIcon;
				CODE_SIGN_ENTITLEMENTS = JProperty/JProperty.entitlements;
				COMBINE_HIDPI_IMAGES = YES;
				DEVELOPMENT_TEAM = A95J37CEL7;
				INFOPLIST_FILE = JProperty/Info.plist;
				LD_RUNPATH_SEARCH_PATHS = "$(inherited) @executable_path/../Frameworks";
				MACOSX_DEPLOYMENT_TARGET = 10.10;
				PRODUCT_BUNDLE_IDENTIFIER = com.joinf.looker;
				PRODUCT_NAME = "$(TARGET_NAME)";
			};
			name = Release;
		};
/* End XCBuildConfiguration section */

/* Begin XCConfigurationList section */
		F20F60811E67A4BF00567219 /* Build configuration list for PBXProject "JProperty" */ = {
			isa = XCConfigurationList;
			buildConfigurations = (
				F20F60981E67A4BF00567219 /* Debug */,
				F20F60991E67A4BF00567219 /* Release */,
			);
			defaultConfigurationIsVisible = 0;
			defaultConfigurationName = Release;
		};
		F20F609A1E67A4BF00567219 /* Build configuration list for PBXNativeTarget "JProperty" */ = {
			isa = XCConfigurationList;
			buildConfigurations = (
				F20F609B1E67A4BF00567219 /* Debug */,
				F20F609C1E67A4BF00567219 /* Release */,
			);
			defaultConfigurationIsVisible = 0;
			defaultConfigurationName = Release;
		};
/* End XCConfigurationList section */
	};
	rootObject = F20F607E1E67A4BF00567219 /* Project object */;
}
